
Microsoft Visual Studio Solution File, Format Version 12.00
# Visual Studio Version 16
VisualStudioVersion = 16.0.28803.202
MinimumVisualStudioVersion = 10.0.40219.1
Project("{9A19103F-16F7-4668-BE54-9A1E7A4F7556}") = "Assessment1", "Assessment1\Assessment1.csproj", "{68ABFF90-F8AA-4EFE-A9DA-677CA037F825}"
EndProject
Project("{9A19103F-16F7-4668-BE54-9A1E7A4F7556}") = "Assessment1.Library", "Assessment1.Library\Assessment1.Library.csproj", "{8A0E7270-4199-40C0-97AD-AE66DD367BCD}"
EndProject
Project("{FAE04EC0-301F-11D3-BF4B-00C04F79EFBC}") = "Assessment1.Tests", "Assessment1.Tests\Assessment1.Tests.csproj", "{A82C40D3-6A1B-45FD-B7C8-DAB012093CF4}"
EndProject
Global
	GlobalSection(SolutionConfigurationPlatforms) = preSolution
		Debug|Any CPU = Debug|Any CPU
		Release|Any CPU = Release|Any CPU
	EndGlobalSection
	GlobalSection(ProjectConfigurationPlatforms) = postSolution
		{68ABFF90-F8AA-4EFE-A9DA-677CA037F825}.Debug|Any CPU.ActiveCfg = Debug|Any CPU
		{68ABFF90-F8AA-4EFE-A9DA-677CA037F825}.Debug|Any CPU.Build.0 = Debug|Any CPU
		{68ABFF90-F8AA-4EFE-A9DA-677CA037F825}.Release|Any CPU.ActiveCfg = Release|Any CPU
		{68ABFF90-F8AA-4EFE-A9DA-677CA037F825}.Release|Any CPU.Build.0 = Release|Any CPU
		{8A0E7270-4199-40C0-97AD-AE66DD367BCD}.Debug|Any CPU.ActiveCfg = Debug|Any CPU
		{8A0E7270-4199-40C0-97AD-AE66DD367BCD}.Debug|Any CPU.Build.0 = Debug|Any CPU
		{8A0E7270-4199-40C0-97AD-AE66DD367BCD}.Release|Any CPU.ActiveCfg = Release|Any CPU
		{8A0E7270-4199-40C0-97AD-AE66DD367BCD}.Release|Any CPU.Build.0 = Release|Any CPU
		{A82C40D3-6A1B-45FD-B7C8-DAB012093CF4}.Debug|Any CPU.ActiveCfg = Debug|Any CPU
		{A82C40D3-6A1B-45FD-B7C8-DAB012093CF4}.Debug|Any CPU.Build.0 = Debug|Any CPU
		{A82C40D3-6A1B-45FD-B7C8-DAB012093CF4}.Release|Any CPU.ActiveCfg = Release|Any CPU
		{A82C40D3-6A1B-45FD-B7C8-DAB012093CF4}.Release|Any CPU.Build.0 = Release|Any CPU
	EndGlobalSection
	GlobalSection(SolutionProperties) = preSolution
		HideSolutionNode = FALSE
	EndGlobalSection
	GlobalSection(ExtensibilityGlobals) = postSolution
		SolutionGuid = {A39A9EF8-987B-4756-90E1-27C9F881EBB6}
	EndGlobalSection
EndGlobal
